{
  "name": "request-promise-native",
  "version": "1.0.7",
  "lockfileVersion": 1,
  "requires": true,
  "dependencies": {
    "lodash": {
      "version": "4.17.12",
      "resolved": "https://registry.npmjs.org/lodash/-/lodash-4.17.12.tgz",
      "integrity": "sha512-+CiwtLnsJhX03p20mwXuvhoebatoh5B3tt+VvYlrPgZC1g36y+RRbkufX95Xa+X4I59aWEacDFYwnJZiyBh9gA==",
      "dev": true
    }
  }
}
